<?xml version="1.0" encoding="utf-8"?>
<Project ToolsVersion="17.0" xmlns="http://schemas.microsoft.com/developer/msbuild/2003">
  <ItemGroup>
    <ClCompile Include="LIVOX_Height.cpp">
      <Filter>Source Files</Filter>
    </ClCompile>
  </ItemGroup>
  <ItemGroup>
    <Filter Include="Source Files">
      <UniqueIdentifier>{1E167230-2F49-339F-A5AD-F0EA01B6D4DE}</UniqueIdentifier>
    </Filter>
    <Filter Include="Header Files">
      <UniqueIdentifier>{7961315c-f473-45c7-a4bb-a38ac11facdb}</UniqueIdentifier>
    </Filter>
  </ItemGroup>
  <ItemGroup>
    <Text Include="CMakeLists.txt" />
  </ItemGroup>
  <ItemGroup>
    <ClInclude Include="livox_lidar_api.h">
      <Filter>Header Files</Filter>
    </ClInclude>
    <ClInclude Include="livox_lidar_cfg.h">
      <Filter>Header Files</Filter>
    </ClInclude>
    <ClInclude Include="livox_lidar_def.h">
      <Filter>Header Files</Filter>
    </ClInclude>
    <ClInclude Include="zmq.hpp">
      <Filter>Header Files</Filter>
    </ClInclude>
    <ClInclude Include="zmq.h">
      <Filter>Header Files</Filter>
    </ClInclude>
    <ClInclude Include="LIVOX_Height.h" />
  </ItemGroup>
</Project>